github.com/atotto/clipboard v0.1.2 h1:YZCtFu5Ie8qX2VmVTBnrqLSiU9XOWwqNRmdT3gIQzbY=
github.com/atotto/clipboard v0.1.2/go.mod h1:ZY9tmq7sm5xIbd9bOK4onWV4S6X0u6GY7Vn0Yu86PYI=
github.com/samuel/go-zookeeper v0.0.0-20190801204459-3c104360edc8 h1:7JRiTToRlA2H26eFPgVIVNfTG4LZzRUDnlWJ3Eco3XA=
github.com/samuel/go-zookeeper v0.0.0-20190801204459-3c104360edc8/go.mod h1:gi+0XIa01GRL2eRQVjQkKGqKF3SF9vZR/HnPullcV2E=
